
Microsoft Visual Studio Solution File, Format Version 12.00
# Visual Studio Version 16
VisualStudioVersion = 16.0.32126.315
MinimumVisualStudioVersion = 10.0.40219.1
Project("{8BC9CEB8-8B4A-11D0-8D11-00A0C91BC942}") = "ОПЗ + Функция", "ОПЗ + Функция\ОПЗ + Функция.vcxproj", "{DFAD8CCD-5B8D-4DA9-BD48-C6E06DB3707B}"
EndProject
Global
	GlobalSection(SolutionConfigurationPlatforms) = preSolution
		Debug|x64 = Debug|x64
		Debug|x86 = Debug|x86
		Release|x64 = Release|x64
		Release|x86 = Release|x86
	EndGlobalSection
	GlobalSection(ProjectConfigurationPlatforms) = postSolution
		{DFAD8CCD-5B8D-4DA9-BD48-C6E06DB3707B}.Debug|x64.ActiveCfg = Debug|x64
		{DFAD8CCD-5B8D-4DA9-BD48-C6E06DB3707B}.Debug|x64.Build.0 = Debug|x64
		{DFAD8CCD-5B8D-4DA9-BD48-C6E06DB3707B}.Debug|x86.ActiveCfg = Debug|Win32
		{DFAD8CCD-5B8D-4DA9-BD48-C6E06DB3707B}.Debug|x86.Build.0 = Debug|Win32
		{DFAD8CCD-5B8D-4DA9-BD48-C6E06DB3707B}.Release|x64.ActiveCfg = Release|x64
		{DFAD8CCD-5B8D-4DA9-BD48-C6E06DB3707B}.Release|x64.Build.0 = Release|x64
		{DFAD8CCD-5B8D-4DA9-BD48-C6E06DB3707B}.Release|x86.ActiveCfg = Release|Win32
		{DFAD8CCD-5B8D-4DA9-BD48-C6E06DB3707B}.Release|x86.Build.0 = Release|Win32
	EndGlobalSection
	GlobalSection(SolutionProperties) = preSolution
		HideSolutionNode = FALSE
	EndGlobalSection
	GlobalSection(ExtensibilityGlobals) = postSolution
		SolutionGuid = {86A852D8-6B96-4121-BAFB-60D08491549D}
	EndGlobalSection
EndGlobal
